// !$*UTF8*$!
{
	archiveVersion = 1;
	classes = {
	};
	objectVersion = 56;
	objects = {

/* Begin PBXBuildFile section */
		171D780A2C25992A00F7B23C /* NetworkMonitor.swift in Sources */ = {isa = PBXBuildFile; fileRef = 171D78092C25992A00F7B23C /* NetworkMonitor.swift */; };
		171D780D2C259A3A00F7B23C /* NoNetworkView.swift in Sources */ = {isa = PBXBuildFile; fileRef = 171D780C2C259A3A00F7B23C /* NoNetworkView.swift */; };
		171D78102C25B6A200F7B23C /* BiometricAuthManager.swift in Sources */ = {isa = PBXBuildFile; fileRef = 171D780F2C25B6A200F7B23C /* BiometricAuthManager.swift */; };
		171D78122C25B79B00F7B23C /* AuthenticationView.swift in Sources */ = {isa = PBXBuildFile; fileRef = 171D78112C25B79B00F7B23C /* AuthenticationView.swift */; };
		171D78152C25C0A300F7B23C /* HomeViewModelTests.swift in Sources */ = {isa = PBXBuildFile; fileRef = 171D78142C25C0A300F7B23C /* HomeViewModelTests.swift */; };
		171D78172C25DD6300F7B23C /* ModelContextAdapter.swift in Sources */ = {isa = PBXBuildFile; fileRef = 171D78162C25DD6300F7B23C /* ModelContextAdapter.swift */; };
		174D3AA52C2386CF003674F2 /* ConstantsStore.swift in Sources */ = {isa = PBXBuildFile; fileRef = 174D3AA42C2386CF003674F2 /* ConstantsStore.swift */; };
		174D3AA72C238738003674F2 /* EnviromentValues+Extensions.swift in Sources */ = {isa = PBXBuildFile; fileRef = 174D3AA62C238738003674F2 /* EnviromentValues+Extensions.swift */; };
		174D3AAA2C2495B1003674F2 /* PreviewContainer.swift in Sources */ = {isa = PBXBuildFile; fileRef = 174D3AA92C2495B1003674F2 /* PreviewContainer.swift */; };
		174D3AAE2C24A3DC003674F2 /* Launch Screen.storyboard in Resources */ = {isa = PBXBuildFile; fileRef = 174D3AAD2C24A3DC003674F2 /* Launch Screen.storyboard */; };
		17994B4B2C1C6AF600A17922 /* TabMainView.swift in Sources */ = {isa = PBXBuildFile; fileRef = 17994B4A2C1C6AF600A17922 /* TabMainView.swift */; };
		17994B522C1C7BE300A17922 /* Colors+Extensions.swift in Sources */ = {isa = PBXBuildFile; fileRef = 17994B512C1C7BE300A17922 /* Colors+Extensions.swift */; };
		17994B552C1C7F0400A17922 /* HomeView.swift in Sources */ = {isa = PBXBuildFile; fileRef = 17994B542C1C7F0400A17922 /* HomeView.swift */; };
		17994B582C1C7F4100A17922 /* HeaderView.swift in Sources */ = {isa = PBXBuildFile; fileRef = 17994B572C1C7F4100A17922 /* HeaderView.swift */; };
		17994B5A2C1CA6FB00A17922 /* AccountsListView.swift in Sources */ = {isa = PBXBuildFile; fileRef = 17994B592C1CA6FB00A17922 /* AccountsListView.swift */; };
		17994B5C2C1CAA2500A17922 /* CornerRadius+Extensions.swift in Sources */ = {isa = PBXBuildFile; fileRef = 17994B5B2C1CAA2500A17922 /* CornerRadius+Extensions.swift */; };
		17994B5E2C1E52FE00A17922 /* TransactionsModel.swift in Sources */ = {isa = PBXBuildFile; fileRef = 17994B5D2C1E52FE00A17922 /* TransactionsModel.swift */; };
		17994B602C1E531F00A17922 /* CustomError.swift in Sources */ = {isa = PBXBuildFile; fileRef = 17994B5F2C1E531F00A17922 /* CustomError.swift */; };
		17994B622C1E537E00A17922 /* NetworkService.swift in Sources */ = {isa = PBXBuildFile; fileRef = 17994B612C1E537E00A17922 /* NetworkService.swift */; };
		17994B652C1E53F000A17922 /* HomeViewModel.swift in Sources */ = {isa = PBXBuildFile; fileRef = 17994B642C1E53F000A17922 /* HomeViewModel.swift */; };
		17994B692C1F78D200A17922 /* LoaderView.swift in Sources */ = {isa = PBXBuildFile; fileRef = 17994B682C1F78D200A17922 /* LoaderView.swift */; };
		17994B6B2C21023A00A17922 /* ListItem.swift in Sources */ = {isa = PBXBuildFile; fileRef = 17994B6A2C21023A00A17922 /* ListItem.swift */; };
		17CD42F72C1C5B5C00FCF27D /* MainApp.swift in Sources */ = {isa = PBXBuildFile; fileRef = 17CD42F62C1C5B5C00FCF27D /* MainApp.swift */; };
		17D47C692C1BA94300296F62 /* Assets.xcassets in Resources */ = {isa = PBXBuildFile; fileRef = 17D47C682C1BA94300296F62 /* Assets.xcassets */; };
		17D47C6C2C1BA94300296F62 /* Preview Assets.xcassets in Resources */ = {isa = PBXBuildFile; fileRef = 17D47C6B2C1BA94300296F62 /* Preview Assets.xcassets */; };
		17D47C802C1BA94300296F62 /* ebury_test_appUITests.swift in Sources */ = {isa = PBXBuildFile; fileRef = 17D47C7F2C1BA94300296F62 /* ebury_test_appUITests.swift */; };
		17D47C822C1BA94300296F62 /* ebury_test_appUITestsLaunchTests.swift in Sources */ = {isa = PBXBuildFile; fileRef = 17D47C812C1BA94300296F62 /* ebury_test_appUITestsLaunchTests.swift */; };
		17E70B822C22240C00EC2860 /* ProductsView.swift in Sources */ = {isa = PBXBuildFile; fileRef = 17E70B812C22240C00EC2860 /* ProductsView.swift */; };
		17E70B842C22296A00EC2860 /* TabBar+Extensions.swift in Sources */ = {isa = PBXBuildFile; fileRef = 17E70B832C22296A00EC2860 /* TabBar+Extensions.swift */; };
/* End PBXBuildFile section */

/* Begin PBXContainerItemProxy section */
		17D47C722C1BA94300296F62 /* PBXContainerItemProxy */ = {
			isa = PBXContainerItemProxy;
			containerPortal = 17D47C572C1BA94100296F62 /* Project object */;
			proxyType = 1;
			remoteGlobalIDString = 17D47C5E2C1BA94100296F62;
			remoteInfo = "ebury test app";
		};
		17D47C7C2C1BA94300296F62 /* PBXContainerItemProxy */ = {
			isa = PBXContainerItemProxy;
			containerPortal = 17D47C572C1BA94100296F62 /* Project object */;
			proxyType = 1;
			remoteGlobalIDString = 17D47C5E2C1BA94100296F62;
			remoteInfo = "ebury test app";
		};
/* End PBXContainerItemProxy section */

/* Begin PBXFileReference section */
		171D78092C25992A00F7B23C /* NetworkMonitor.swift */ = {isa = PBXFileReference; lastKnownFileType = sourcecode.swift; path = NetworkMonitor.swift; sourceTree = "<group>"; };
		171D780C2C259A3A00F7B23C /* NoNetworkView.swift */ = {isa = PBXFileReference; lastKnownFileType = sourcecode.swift; path = NoNetworkView.swift; sourceTree = "<group>"; };
		171D780F2C25B6A200F7B23C /* BiometricAuthManager.swift */ = {isa = PBXFileReference; lastKnownFileType = sourcecode.swift; path = BiometricAuthManager.swift; sourceTree = "<group>"; };
		171D78112C25B79B00F7B23C /* AuthenticationView.swift */ = {isa = PBXFileReference; lastKnownFileType = sourcecode.swift; path = AuthenticationView.swift; sourceTree = "<group>"; };
		171D78132C25BC1600F7B23C /* ebury-test-app-Info.plist */ = {isa = PBXFileReference; lastKnownFileType = text.plist; path = "ebury-test-app-Info.plist"; sourceTree = SOURCE_ROOT; };
		171D78142C25C0A300F7B23C /* HomeViewModelTests.swift */ = {isa = PBXFileReference; lastKnownFileType = sourcecode.swift; path = HomeViewModelTests.swift; sourceTree = "<group>"; };
		171D78162C25DD6300F7B23C /* ModelContextAdapter.swift */ = {isa = PBXFileReference; lastKnownFileType = sourcecode.swift; path = ModelContextAdapter.swift; sourceTree = "<group>"; };
		174D3AA42C2386CF003674F2 /* ConstantsStore.swift */ = {isa = PBXFileReference; lastKnownFileType = sourcecode.swift; path = ConstantsStore.swift; sourceTree = "<group>"; };
		174D3AA62C238738003674F2 /* EnviromentValues+Extensions.swift */ = {isa = PBXFileReference; lastKnownFileType = sourcecode.swift; path = "EnviromentValues+Extensions.swift"; sourceTree = "<group>"; };
		174D3AA92C2495B1003674F2 /* PreviewContainer.swift */ = {isa = PBXFileReference; lastKnownFileType = sourcecode.swift; path = PreviewContainer.swift; sourceTree = "<group>"; };
		174D3AAD2C24A3DC003674F2 /* Launch Screen.storyboard */ = {isa = PBXFileReference; lastKnownFileType = file.storyboard; path = "Launch Screen.storyboard"; sourceTree = "<group>"; };
		17994B4A2C1C6AF600A17922 /* TabMainView.swift */ = {isa = PBXFileReference; lastKnownFileType = sourcecode.swift; path = TabMainView.swift; sourceTree = "<group>"; };
		17994B512C1C7BE300A17922 /* Colors+Extensions.swift */ = {isa = PBXFileReference; lastKnownFileType = sourcecode.swift; path = "Colors+Extensions.swift"; sourceTree = "<group>"; };
		17994B542C1C7F0400A17922 /* HomeView.swift */ = {isa = PBXFileReference; lastKnownFileType = sourcecode.swift; path = HomeView.swift; sourceTree = "<group>"; };
		17994B572C1C7F4100A17922 /* HeaderView.swift */ = {isa = PBXFileReference; lastKnownFileType = sourcecode.swift; path = HeaderView.swift; sourceTree = "<group>"; };
		17994B592C1CA6FB00A17922 /* AccountsListView.swift */ = {isa = PBXFileReference; lastKnownFileType = sourcecode.swift; path = AccountsListView.swift; sourceTree = "<group>"; };
		17994B5B2C1CAA2500A17922 /* CornerRadius+Extensions.swift */ = {isa = PBXFileReference; lastKnownFileType = sourcecode.swift; path = "CornerRadius+Extensions.swift"; sourceTree = "<group>"; };
		17994B5D2C1E52FE00A17922 /* TransactionsModel.swift */ = {isa = PBXFileReference; lastKnownFileType = sourcecode.swift; path = TransactionsModel.swift; sourceTree = "<group>"; };
		17994B5F2C1E531F00A17922 /* CustomError.swift */ = {isa = PBXFileReference; lastKnownFileType = sourcecode.swift; path = CustomError.swift; sourceTree = "<group>"; };
		17994B612C1E537E00A17922 /* NetworkService.swift */ = {isa = PBXFileReference; lastKnownFileType = sourcecode.swift; path = NetworkService.swift; sourceTree = "<group>"; };
		17994B642C1E53F000A17922 /* HomeViewModel.swift */ = {isa = PBXFileReference; lastKnownFileType = sourcecode.swift; path = HomeViewModel.swift; sourceTree = "<group>"; };
		17994B682C1F78D200A17922 /* LoaderView.swift */ = {isa = PBXFileReference; lastKnownFileType = sourcecode.swift; path = LoaderView.swift; sourceTree = "<group>"; };
		17994B6A2C21023A00A17922 /* ListItem.swift */ = {isa = PBXFileReference; lastKnownFileType = sourcecode.swift; path = ListItem.swift; sourceTree = "<group>"; };
		17CD42F62C1C5B5C00FCF27D /* MainApp.swift */ = {isa = PBXFileReference; lastKnownFileType = sourcecode.swift; path = MainApp.swift; sourceTree = "<group>"; };
		17D47C5F2C1BA94100296F62 /* ebury test app.app */ = {isa = PBXFileReference; explicitFileType = wrapper.application; includeInIndex = 0; path = "ebury test app.app"; sourceTree = BUILT_PRODUCTS_DIR; };
		17D47C682C1BA94300296F62 /* Assets.xcassets */ = {isa = PBXFileReference; lastKnownFileType = folder.assetcatalog; path = Assets.xcassets; sourceTree = "<group>"; };
		17D47C6B2C1BA94300296F62 /* Preview Assets.xcassets */ = {isa = PBXFileReference; lastKnownFileType = folder.assetcatalog; path = "Preview Assets.xcassets"; sourceTree = "<group>"; };
		17D47C712C1BA94300296F62 /* ebury test appTests.xctest */ = {isa = PBXFileReference; explicitFileType = wrapper.cfbundle; includeInIndex = 0; path = "ebury test appTests.xctest"; sourceTree = BUILT_PRODUCTS_DIR; };
		17D47C7B2C1BA94300296F62 /* ebury test appUITests.xctest */ = {isa = PBXFileReference; explicitFileType = wrapper.cfbundle; includeInIndex = 0; path = "ebury test appUITests.xctest"; sourceTree = BUILT_PRODUCTS_DIR; };
		17D47C7F2C1BA94300296F62 /* ebury_test_appUITests.swift */ = {isa = PBXFileReference; lastKnownFileType = sourcecode.swift; path = ebury_test_appUITests.swift; sourceTree = "<group>"; };
		17D47C812C1BA94300296F62 /* ebury_test_appUITestsLaunchTests.swift */ = {isa = PBXFileReference; lastKnownFileType = sourcecode.swift; path = ebury_test_appUITestsLaunchTests.swift; sourceTree = "<group>"; };
		17E70B812C22240C00EC2860 /* ProductsView.swift */ = {isa = PBXFileReference; lastKnownFileType = sourcecode.swift; path = ProductsView.swift; sourceTree = "<group>"; };
		17E70B832C22296A00EC2860 /* TabBar+Extensions.swift */ = {isa = PBXFileReference; lastKnownFileType = sourcecode.swift; path = "TabBar+Extensions.swift"; sourceTree = "<group>"; };
/* End PBXFileReference section */

/* Begin PBXFrameworksBuildPhase section */
		17D47C5C2C1BA94100296F62 /* Frameworks */ = {
			isa = PBXFrameworksBuildPhase;
			buildActionMask = 2147483647;
			files = (
			);
			runOnlyForDeploymentPostprocessing = 0;
		};
		17D47C6E2C1BA94300296F62 /* Frameworks */ = {
			isa = PBXFrameworksBuildPhase;
			buildActionMask = 2147483647;
			files = (
			);
			runOnlyForDeploymentPostprocessing = 0;
		};
		17D47C782C1BA94300296F62 /* Frameworks */ = {
			isa = PBXFrameworksBuildPhase;
			buildActionMask = 2147483647;
			files = (
			);
			runOnlyForDeploymentPostprocessing = 0;
		};
/* End PBXFrameworksBuildPhase section */

/* Begin PBXGroup section */
		171D780E2C25B68E00F7B23C /* Biometrics */ = {
			isa = PBXGroup;
			children = (
				171D780F2C25B6A200F7B23C /* BiometricAuthManager.swift */,
			);
			path = Biometrics;
			sourceTree = "<group>";
		};
		174D3AA82C2495A0003674F2 /* PreviewHelper */ = {
			isa = PBXGroup;
			children = (
				174D3AA92C2495B1003674F2 /* PreviewContainer.swift */,
			);
			path = PreviewHelper;
			sourceTree = "<group>";
		};
		17994B492C1C6AE000A17922 /* Tabbar */ = {
			isa = PBXGroup;
			children = (
				17994B4A2C1C6AF600A17922 /* TabMainView.swift */,
			);
			path = Tabbar;
			sourceTree = "<group>";
		};
		17994B502C1C7BC700A17922 /* Extensions */ = {
			isa = PBXGroup;
			children = (
				17994B512C1C7BE300A17922 /* Colors+Extensions.swift */,
				17994B5B2C1CAA2500A17922 /* CornerRadius+Extensions.swift */,
				17E70B832C22296A00EC2860 /* TabBar+Extensions.swift */,
				174D3AA62C238738003674F2 /* EnviromentValues+Extensions.swift */,
			);
			path = Extensions;
			sourceTree = "<group>";
		};
		17994B532C1C7EEB00A17922 /* Home */ = {
			isa = PBXGroup;
			children = (
				17994B542C1C7F0400A17922 /* HomeView.swift */,
				17994B642C1E53F000A17922 /* HomeViewModel.swift */,
			);
			path = Home;
			sourceTree = "<group>";
		};
		17994B562C1C7F3100A17922 /* Components */ = {
			isa = PBXGroup;
			children = (
				171D780C2C259A3A00F7B23C /* NoNetworkView.swift */,
				17994B572C1C7F4100A17922 /* HeaderView.swift */,
				17994B592C1CA6FB00A17922 /* AccountsListView.swift */,
				17994B6A2C21023A00A17922 /* ListItem.swift */,
				17994B682C1F78D200A17922 /* LoaderView.swift */,
			);
			path = Components;
			sourceTree = "<group>";
		};
		17CD42E42C1C527A00FCF27D /* App */ = {
			isa = PBXGroup;
			children = (
				17E70B802C22239700EC2860 /* Products */,
				17994B562C1C7F3100A17922 /* Components */,
				17994B532C1C7EEB00A17922 /* Home */,
				17994B492C1C6AE000A17922 /* Tabbar */,
				17CD42E82C1C52C500FCF27D /* Splash */,
			);
			path = App;
			sourceTree = "<group>";
		};
		17CD42E52C1C528200FCF27D /* Resources */ = {
			isa = PBXGroup;
			children = (
				174D3AA82C2495A0003674F2 /* PreviewHelper */,
				17994B502C1C7BC700A17922 /* Extensions */,
				17D47C682C1BA94300296F62 /* Assets.xcassets */,
				174D3AA42C2386CF003674F2 /* ConstantsStore.swift */,
			);
			path = Resources;
			sourceTree = "<group>";
		};
		17CD42E62C1C528B00FCF27D /* Network */ = {
			isa = PBXGroup;
			children = (
				17994B5F2C1E531F00A17922 /* CustomError.swift */,
				17994B612C1E537E00A17922 /* NetworkService.swift */,
				171D78092C25992A00F7B23C /* NetworkMonitor.swift */,
			);
			path = Network;
			sourceTree = "<group>";
		};
		17CD42E72C1C529C00FCF27D /* Store */ = {
			isa = PBXGroup;
			children = (
				17994B5D2C1E52FE00A17922 /* TransactionsModel.swift */,
				171D78162C25DD6300F7B23C /* ModelContextAdapter.swift */,
			);
			path = Store;
			sourceTree = "<group>";
		};
		17CD42E82C1C52C500FCF27D /* Splash */ = {
			isa = PBXGroup;
			children = (
				174D3AAD2C24A3DC003674F2 /* Launch Screen.storyboard */,
				171D78112C25B79B00F7B23C /* AuthenticationView.swift */,
			);
			path = Splash;
			sourceTree = "<group>";
		};
		17D47C562C1BA94100296F62 = {
			isa = PBXGroup;
			children = (
				17D47C612C1BA94100296F62 /* ebury test app */,
				17D47C742C1BA94300296F62 /* ebury test appTests */,
				17D47C7E2C1BA94300296F62 /* ebury test appUITests */,
				17D47C602C1BA94100296F62 /* Products */,
			);
			sourceTree = "<group>";
		};
		17D47C602C1BA94100296F62 /* Products */ = {
			isa = PBXGroup;
			children = (
				17D47C5F2C1BA94100296F62 /* ebury test app.app */,
				17D47C712C1BA94300296F62 /* ebury test appTests.xctest */,
				17D47C7B2C1BA94300296F62 /* ebury test appUITests.xctest */,
			);
			name = Products;
			sourceTree = "<group>";
		};
		17D47C612C1BA94100296F62 /* ebury test app */ = {
			isa = PBXGroup;
			children = (
				171D78132C25BC1600F7B23C /* ebury-test-app-Info.plist */,
				171D780E2C25B68E00F7B23C /* Biometrics */,
				17CD42F62C1C5B5C00FCF27D /* MainApp.swift */,
				17CD42E72C1C529C00FCF27D /* Store */,
				17CD42E62C1C528B00FCF27D /* Network */,
				17CD42E52C1C528200FCF27D /* Resources */,
				17CD42E42C1C527A00FCF27D /* App */,
				17D47C6A2C1BA94300296F62 /* Preview Content */,
			);
			path = "ebury test app";
			sourceTree = "<group>";
		};
		17D47C6A2C1BA94300296F62 /* Preview Content */ = {
			isa = PBXGroup;
			children = (
				17D47C6B2C1BA94300296F62 /* Preview Assets.xcassets */,
			);
			path = "Preview Content";
			sourceTree = "<group>";
		};
		17D47C742C1BA94300296F62 /* ebury test appTests */ = {
			isa = PBXGroup;
			children = (
				171D78142C25C0A300F7B23C /* HomeViewModelTests.swift */,
			);
			path = "ebury test appTests";
			sourceTree = "<group>";
		};
		17D47C7E2C1BA94300296F62 /* ebury test appUITests */ = {
			isa = PBXGroup;
			children = (
				17D47C7F2C1BA94300296F62 /* ebury_test_appUITests.swift */,
				17D47C812C1BA94300296F62 /* ebury_test_appUITestsLaunchTests.swift */,
			);
			path = "ebury test appUITests";
			sourceTree = "<group>";
		};
		17E70B802C22239700EC2860 /* Products */ = {
			isa = PBXGroup;
			children = (
				17E70B812C22240C00EC2860 /* ProductsView.swift */,
			);
			path = Products;
			sourceTree = "<group>";
		};
/* End PBXGroup section */

/* Begin PBXNativeTarget section */
		17D47C5E2C1BA94100296F62 /* ebury test app */ = {
			isa = PBXNativeTarget;
			buildConfigurationList = 17D47C852C1BA94300296F62 /* Build configuration list for PBXNativeTarget "ebury test app" */;
			buildPhases = (
				17D47C5B2C1BA94100296F62 /* Sources */,
				17D47C5C2C1BA94100296F62 /* Frameworks */,
				17D47C5D2C1BA94100296F62 /* Resources */,
			);
			buildRules = (
			);
			dependencies = (
			);
			name = "ebury test app";
			productName = "ebury test app";
			productReference = 17D47C5F2C1BA94100296F62 /* ebury test app.app */;
			productType = "com.apple.product-type.application";
		};
		17D47C702C1BA94300296F62 /* ebury test appTests */ = {
			isa = PBXNativeTarget;
			buildConfigurationList = 17D47C882C1BA94300296F62 /* Build configuration list for PBXNativeTarget "ebury test appTests" */;
			buildPhases = (
				17D47C6D2C1BA94300296F62 /* Sources */,
				17D47C6E2C1BA94300296F62 /* Frameworks */,
				17D47C6F2C1BA94300296F62 /* Resources */,
			);
			buildRules = (
			);
			dependencies = (
				17D47C732C1BA94300296F62 /* PBXTargetDependency */,
			);
			name = "ebury test appTests";
			productName = "ebury test appTests";
			productReference = 17D47C712C1BA94300296F62 /* ebury test appTests.xctest */;
			productType = "com.apple.product-type.bundle.unit-test";
		};
		17D47C7A2C1BA94300296F62 /* ebury test appUITests */ = {
			isa = PBXNativeTarget;
			buildConfigurationList = 17D47C8B2C1BA94300296F62 /* Build configuration list for PBXNativeTarget "ebury test appUITests" */;
			buildPhases = (
				17D47C772C1BA94300296F62 /* Sources */,
				17D47C782C1BA94300296F62 /* Frameworks */,
				17D47C792C1BA94300296F62 /* Resources */,
			);
			buildRules = (
			);
			dependencies = (
				17D47C7D2C1BA94300296F62 /* PBXTargetDependency */,
			);
			name = "ebury test appUITests";
			productName = "ebury test appUITests";
			productReference = 17D47C7B2C1BA94300296F62 /* ebury test appUITests.xctest */;
			productType = "com.apple.product-type.bundle.ui-testing";
		};
/* End PBXNativeTarget section */

/* Begin PBXProject section */
		17D47C572C1BA94100296F62 /* Project object */ = {
			isa = PBXProject;
			attributes = {
				BuildIndependentTargetsInParallel = 1;
				LastSwiftUpdateCheck = 1530;
				LastUpgradeCheck = 1530;
				TargetAttributes = {
					17D47C5E2C1BA94100296F62 = {
						CreatedOnToolsVersion = 15.3;
					};
					17D47C702C1BA94300296F62 = {
						CreatedOnToolsVersion = 15.3;
						TestTargetID = 17D47C5E2C1BA94100296F62;
					};
					17D47C7A2C1BA94300296F62 = {
						CreatedOnToolsVersion = 15.3;
						TestTargetID = 17D47C5E2C1BA94100296F62;
					};
				};
			};
			buildConfigurationList = 17D47C5A2C1BA94100296F62 /* Build configuration list for PBXProject "ebury test app" */;
			compatibilityVersion = "Xcode 14.0";
			developmentRegion = en;
			hasScannedForEncodings = 0;
			knownRegions = (
				en,
				Base,
			);
			mainGroup = 17D47C562C1BA94100296F62;
			productRefGroup = 17D47C602C1BA94100296F62 /* Products */;
			projectDirPath = "";
			projectRoot = "";
			targets = (
				17D47C5E2C1BA94100296F62 /* ebury test app */,
				17D47C702C1BA94300296F62 /* ebury test appTests */,
				17D47C7A2C1BA94300296F62 /* ebury test appUITests */,
			);
		};
/* End PBXProject section */

/* Begin PBXResourcesBuildPhase section */
		17D47C5D2C1BA94100296F62 /* Resources */ = {
			isa = PBXResourcesBuildPhase;
			buildActionMask = 2147483647;
			files = (
				174D3AAE2C24A3DC003674F2 /* Launch Screen.storyboard in Resources */,
				17D47C6C2C1BA94300296F62 /* Preview Assets.xcassets in Resources */,
				17D47C692C1BA94300296F62 /* Assets.xcassets in Resources */,
			);
			runOnlyForDeploymentPostprocessing = 0;
		};
		17D47C6F2C1BA94300296F62 /* Resources */ = {
			isa = PBXResourcesBuildPhase;
			buildActionMask = 2147483647;
			files = (
			);
			runOnlyForDeploymentPostprocessing = 0;
		};
		17D47C792C1BA94300296F62 /* Resources */ = {
			isa = PBXResourcesBuildPhase;
			buildActionMask = 2147483647;
			files = (
			);
			runOnlyForDeploymentPostprocessing = 0;
		};
/* End PBXResourcesBuildPhase section */

/* Begin PBXSourcesBuildPhase section */
		17D47C5B2C1BA94100296F62 /* Sources */ = {
			isa = PBXSourcesBuildPhase;
			buildActionMask = 2147483647;
			files = (
				17994B582C1C7F4100A17922 /* HeaderView.swift in Sources */,
				17994B602C1E531F00A17922 /* CustomError.swift in Sources */,
				171D78172C25DD6300F7B23C /* ModelContextAdapter.swift in Sources */,
				17994B5E2C1E52FE00A17922 /* TransactionsModel.swift in Sources */,
				17994B622C1E537E00A17922 /* NetworkService.swift in Sources */,
				17994B4B2C1C6AF600A17922 /* TabMainView.swift in Sources */,
				174D3AA52C2386CF003674F2 /* ConstantsStore.swift in Sources */,
				17CD42F72C1C5B5C00FCF27D /* MainApp.swift in Sources */,
				17994B5C2C1CAA2500A17922 /* CornerRadius+Extensions.swift in Sources */,
				174D3AA72C238738003674F2 /* EnviromentValues+Extensions.swift in Sources */,
				17994B5A2C1CA6FB00A17922 /* AccountsListView.swift in Sources */,
				171D78102C25B6A200F7B23C /* BiometricAuthManager.swift in Sources */,
				17994B6B2C21023A00A17922 /* ListItem.swift in Sources */,
				17994B552C1C7F0400A17922 /* HomeView.swift in Sources */,
				171D780D2C259A3A00F7B23C /* NoNetworkView.swift in Sources */,
				174D3AAA2C2495B1003674F2 /* PreviewContainer.swift in Sources */,
				17E70B822C22240C00EC2860 /* ProductsView.swift in Sources */,
				17994B692C1F78D200A17922 /* LoaderView.swift in Sources */,
				17E70B842C22296A00EC2860 /* TabBar+Extensions.swift in Sources */,
				171D78122C25B79B00F7B23C /* AuthenticationView.swift in Sources */,
				171D780A2C25992A00F7B23C /* NetworkMonitor.swift in Sources */,
				17994B652C1E53F000A17922 /* HomeViewModel.swift in Sources */,
				17994B522C1C7BE300A17922 /* Colors+Extensions.swift in Sources */,
			);
			runOnlyForDeploymentPostprocessing = 0;
		};
		17D47C6D2C1BA94300296F62 /* Sources */ = {
			isa = PBXSourcesBuildPhase;
			buildActionMask = 2147483647;
			files = (
				171D78152C25C0A300F7B23C /* HomeViewModelTests.swift in Sources */,
			);
			runOnlyForDeploymentPostprocessing = 0;
		};
		17D47C772C1BA94300296F62 /* Sources */ = {
			isa = PBXSourcesBuildPhase;
			buildActionMask = 2147483647;
			files = (
				17D47C822C1BA94300296F62 /* ebury_test_appUITestsLaunchTests.swift in Sources */,
				17D47C802C1BA94300296F62 /* ebury_test_appUITests.swift in Sources */,
			);
			runOnlyForDeploymentPostprocessing = 0;
		};
/* End PBXSourcesBuildPhase section */

/* Begin PBXTargetDependency section */
		17D47C732C1BA94300296F62 /* PBXTargetDependency */ = {
			isa = PBXTargetDependency;
			target = 17D47C5E2C1BA94100296F62 /* ebury test app */;
			targetProxy = 17D47C722C1BA94300296F62 /* PBXContainerItemProxy */;
		};
		17D47C7D2C1BA94300296F62 /* PBXTargetDependency */ = {
			isa = PBXTargetDependency;
			target = 17D47C5E2C1BA94100296F62 /* ebury test app */;
			targetProxy = 17D47C7C2C1BA94300296F62 /* PBXContainerItemProxy */;
		};
/* End PBXTargetDependency section */

/* Begin XCBuildConfiguration section */
		17D47C832C1BA94300296F62 /* Debug */ = {
			isa = XCBuildConfiguration;
			buildSettings = {
				ALWAYS_SEARCH_USER_PATHS = NO;
				ASSETCATALOG_COMPILER_GENERATE_SWIFT_ASSET_SYMBOL_EXTENSIONS = YES;
				CLANG_ANALYZER_NONNULL = YES;
				CLANG_ANALYZER_NUMBER_OBJECT_CONVERSION = YES_AGGRESSIVE;
				CLANG_CXX_LANGUAGE_STANDARD = "gnu++20";
				CLANG_ENABLE_MODULES = YES;
				CLANG_ENABLE_OBJC_ARC = YES;
				CLANG_ENABLE_OBJC_WEAK = YES;
				CLANG_WARN_BLOCK_CAPTURE_AUTORELEASING = YES;
				CLANG_WARN_BOOL_CONVERSION = YES;
				CLANG_WARN_COMMA = YES;
				CLANG_WARN_CONSTANT_CONVERSION = YES;
				CLANG_WARN_DEPRECATED_OBJC_IMPLEMENTATIONS = YES;
				CLANG_WARN_DIRECT_OBJC_ISA_USAGE = YES_ERROR;
				CLANG_WARN_DOCUMENTATION_COMMENTS = YES;
				CLANG_WARN_EMPTY_BODY = YES;
				CLANG_WARN_ENUM_CONVERSION = YES;
				CLANG_WARN_INFINITE_RECURSION = YES;
				CLANG_WARN_INT_CONVERSION = YES;
				CLANG_WARN_NON_LITERAL_NULL_CONVERSION = YES;
				CLANG_WARN_OBJC_IMPLICIT_RETAIN_SELF = YES;
				CLANG_WARN_OBJC_LITERAL_CONVERSION = YES;
				CLANG_WARN_OBJC_ROOT_CLASS = YES_ERROR;
				CLANG_WARN_QUOTED_INCLUDE_IN_FRAMEWORK_HEADER = YES;
				CLANG_WARN_RANGE_LOOP_ANALYSIS = YES;
				CLANG_WARN_STRICT_PROTOTYPES = YES;
				CLANG_WARN_SUSPICIOUS_MOVE = YES;
				CLANG_WARN_UNGUARDED_AVAILABILITY = YES_AGGRESSIVE;
				CLANG_WARN_UNREACHABLE_CODE = YES;
				CLANG_WARN__DUPLICATE_METHOD_MATCH = YES;
				COPY_PHASE_STRIP = NO;
				DEBUG_INFORMATION_FORMAT = dwarf;
				ENABLE_STRICT_OBJC_MSGSEND = YES;
				ENABLE_TESTABILITY = YES;
				ENABLE_USER_SCRIPT_SANDBOXING = YES;
				GCC_C_LANGUAGE_STANDARD = gnu17;
				GCC_DYNAMIC_NO_PIC = NO;
				GCC_NO_COMMON_BLOCKS = YES;
				GCC_OPTIMIZATION_LEVEL = 0;
				GCC_PREPROCESSOR_DEFINITIONS = (
					"DEBUG=1",
					"$(inherited)",
				);
				GCC_WARN_64_TO_32_BIT_CONVERSION = YES;
				GCC_WARN_ABOUT_RETURN_TYPE = YES_ERROR;
				GCC_WARN_UNDECLARED_SELECTOR = YES;
				GCC_WARN_UNINITIALIZED_AUTOS = YES_AGGRESSIVE;
				GCC_WARN_UNUSED_FUNCTION = YES;
				GCC_WARN_UNUSED_VARIABLE = YES;
				IPHONEOS_DEPLOYMENT_TARGET = 17.4;
				LOCALIZATION_PREFERS_STRING_CATALOGS = YES;
				MTL_ENABLE_DEBUG_INFO = INCLUDE_SOURCE;
				MTL_FAST_MATH = YES;
				ONLY_ACTIVE_ARCH = YES;
				SDKROOT = iphoneos;
				SWIFT_ACTIVE_COMPILATION_CONDITIONS = "DEBUG $(inherited)";
				SWIFT_OPTIMIZATION_LEVEL = "-Onone";
			};
			name = Debug;
		};
		17D47C842C1BA94300296F62 /* Release */ = {
			isa = XCBuildConfiguration;
			buildSettings = {
				ALWAYS_SEARCH_USER_PATHS = NO;
				ASSETCATALOG_COMPILER_GENERATE_SWIFT_ASSET_SYMBOL_EXTENSIONS = YES;
				CLANG_ANALYZER_NONNULL = YES;
				CLANG_ANALYZER_NUMBER_OBJECT_CONVERSION = YES_AGGRESSIVE;
				CLANG_CXX_LANGUAGE_STANDARD = "gnu++20";
				CLANG_ENABLE_MODULES = YES;
				CLANG_ENABLE_OBJC_ARC = YES;
				CLANG_ENABLE_OBJC_WEAK = YES;
				CLANG_WARN_BLOCK_CAPTURE_AUTORELEASING = YES;
				CLANG_WARN_BOOL_CONVERSION = YES;
				CLANG_WARN_COMMA = YES;
				CLANG_WARN_CONSTANT_CONVERSION = YES;
				CLANG_WARN_DEPRECATED_OBJC_IMPLEMENTATIONS = YES;
				CLANG_WARN_DIRECT_OBJC_ISA_USAGE = YES_ERROR;
				CLANG_WARN_DOCUMENTATION_COMMENTS = YES;
				CLANG_WARN_EMPTY_BODY = YES;
				CLANG_WARN_ENUM_CONVERSION = YES;
				CLANG_WARN_INFINITE_RECURSION = YES;
				CLANG_WARN_INT_CONVERSION = YES;
				CLANG_WARN_NON_LITERAL_NULL_CONVERSION = YES;
				CLANG_WARN_OBJC_IMPLICIT_RETAIN_SELF = YES;
				CLANG_WARN_OBJC_LITERAL_CONVERSION = YES;
				CLANG_WARN_OBJC_ROOT_CLASS = YES_ERROR;
				CLANG_WARN_QUOTED_INCLUDE_IN_FRAMEWORK_HEADER = YES;
				CLANG_WARN_RANGE_LOOP_ANALYSIS = YES;
				CLANG_WARN_STRICT_PROTOTYPES = YES;
				CLANG_WARN_SUSPICIOUS_MOVE = YES;
				CLANG_WARN_UNGUARDED_AVAILABILITY = YES_AGGRESSIVE;
				CLANG_WARN_UNREACHABLE_CODE = YES;
				CLANG_WARN__DUPLICATE_METHOD_MATCH = YES;
				COPY_PHASE_STRIP = NO;
				DEBUG_INFORMATION_FORMAT = "dwarf-with-dsym";
				ENABLE_NS_ASSERTIONS = NO;
				ENABLE_STRICT_OBJC_MSGSEND = YES;
				ENABLE_USER_SCRIPT_SANDBOXING = YES;
				GCC_C_LANGUAGE_STANDARD = gnu17;
				GCC_NO_COMMON_BLOCKS = YES;
				GCC_WARN_64_TO_32_BIT_CONVERSION = YES;
				GCC_WARN_ABOUT_RETURN_TYPE = YES_ERROR;
				GCC_WARN_UNDECLARED_SELECTOR = YES;
				GCC_WARN_UNINITIALIZED_AUTOS = YES_AGGRESSIVE;
				GCC_WARN_UNUSED_FUNCTION = YES;
				GCC_WARN_UNUSED_VARIABLE = YES;
				IPHONEOS_DEPLOYMENT_TARGET = 17.4;
				LOCALIZATION_PREFERS_STRING_CATALOGS = YES;
				MTL_ENABLE_DEBUG_INFO = NO;
				MTL_FAST_MATH = YES;
				SDKROOT = iphoneos;
				SWIFT_COMPILATION_MODE = wholemodule;
				VALIDATE_PRODUCT = YES;
			};
			name = Release;
		};
		17D47C862C1BA94300296F62 /* Debug */ = {
			isa = XCBuildConfiguration;
			buildSettings = {
				ASSETCATALOG_COMPILER_APPICON_NAME = AppIcon;
				ASSETCATALOG_COMPILER_GLOBAL_ACCENT_COLOR_NAME = AccentColor;
				CODE_SIGN_STYLE = Automatic;
				CURRENT_PROJECT_VERSION = 1;
				DEVELOPMENT_ASSET_PATHS = "\"ebury test app/Preview Content\"";
				DEVELOPMENT_TEAM = VRPSBVV63P;
				ENABLE_PREVIEWS = YES;
				GENERATE_INFOPLIST_FILE = YES;
				INFOPLIST_FILE = "ebury-test-app-Info.plist";
				INFOPLIST_KEY_NSFaceIDUsageDescription = "This app uses Face ID to securely authenticate your identity.";
				INFOPLIST_KEY_UIApplicationSceneManifest_Generation = YES;
				INFOPLIST_KEY_UIApplicationSupportsIndirectInputEvents = YES;
				INFOPLIST_KEY_UILaunchScreen_Generation = YES;
				INFOPLIST_KEY_UILaunchStoryboardName = "Launch Screen.storyboard";
				INFOPLIST_KEY_UISupportedInterfaceOrientations_iPad = "UIInterfaceOrientationPortrait UIInterfaceOrientationPortraitUpsideDown UIInterfaceOrientationLandscapeLeft UIInterfaceOrientationLandscapeRight";
				INFOPLIST_KEY_UISupportedInterfaceOrientations_iPhone = "UIInterfaceOrientationPortrait UIInterfaceOrientationLandscapeLeft UIInterfaceOrientationLandscapeRight";
				IPHONEOS_DEPLOYMENT_TARGET = 17.0;
				LD_RUNPATH_SEARCH_PATHS = (
					"$(inherited)",
					"@executable_path/Frameworks",
				);
				MARKETING_VERSION = 1.0;
				PRODUCT_BUNDLE_IDENTIFIER = "joelsene.ebury-test-app";
				PRODUCT_NAME = "$(TARGET_NAME)";
				SWIFT_EMIT_LOC_STRINGS = YES;
				SWIFT_VERSION = 5.0;
				TARGETED_DEVICE_FAMILY = "1,2";
			};
			name = Debug;
		};
		17D47C872C1BA94300296F62 /* Release */ = {
			isa = XCBuildConfiguration;
			buildSettings = {
				ASSETCATALOG_COMPILER_APPICON_NAME = AppIcon;
				ASSETCATALOG_COMPILER_GLOBAL_ACCENT_COLOR_NAME = AccentColor;
				CODE_SIGN_STYLE = Automatic;
				CURRENT_PROJECT_VERSION = 1;
				DEVELOPMENT_ASSET_PATHS = "\"ebury test app/Preview Content\"";
				DEVELOPMENT_TEAM = VRPSBVV63P;
				ENABLE_PREVIEWS = YES;
				GENERATE_INFOPLIST_FILE = YES;
				INFOPLIST_FILE = "ebury-test-app-Info.plist";
				INFOPLIST_KEY_NSFaceIDUsageDescription = "This app uses Face ID to securely authenticate your identity.";
				INFOPLIST_KEY_UIApplicationSceneManifest_Generation = YES;
				INFOPLIST_KEY_UIApplicationSupportsIndirectInputEvents = YES;
				INFOPLIST_KEY_UILaunchScreen_Generation = YES;
				INFOPLIST_KEY_UILaunchStoryboardName = "Launch Screen.storyboard";
				INFOPLIST_KEY_UISupportedInterfaceOrientations_iPad = "UIInterfaceOrientationPortrait UIInterfaceOrientationPortraitUpsideDown UIInterfaceOrientationLandscapeLeft UIInterfaceOrientationLandscapeRight";
				INFOPLIST_KEY_UISupportedInterfaceOrientations_iPhone = "UIInterfaceOrientationPortrait UIInterfaceOrientationLandscapeLeft UIInterfaceOrientationLandscapeRight";
				IPHONEOS_DEPLOYMENT_TARGET = 17.0;
				LD_RUNPATH_SEARCH_PATHS = (
					"$(inherited)",
					"@executable_path/Frameworks",
				);
				MARKETING_VERSION = 1.0;
				PRODUCT_BUNDLE_IDENTIFIER = "joelsene.ebury-test-app";
				PRODUCT_NAME = "$(TARGET_NAME)";
				SWIFT_EMIT_LOC_STRINGS = YES;
				SWIFT_VERSION = 5.0;
				TARGETED_DEVICE_FAMILY = "1,2";
			};
			name = Release;
		};
		17D47C892C1BA94300296F62 /* Debug */ = {
			isa = XCBuildConfiguration;
			buildSettings = {
				ALWAYS_EMBED_SWIFT_STANDARD_LIBRARIES = YES;
				BUNDLE_LOADER = "$(TEST_HOST)";
				CODE_SIGN_STYLE = Automatic;
				CURRENT_PROJECT_VERSION = 1;
				DEVELOPMENT_TEAM = VRPSBVV63P;
				GENERATE_INFOPLIST_FILE = YES;
				IPHONEOS_DEPLOYMENT_TARGET = 17.4;
				MARKETING_VERSION = 1.0;
				PRODUCT_BUNDLE_IDENTIFIER = "joelsene.ebury-test-appTests";
				PRODUCT_NAME = "$(TARGET_NAME)";
				SWIFT_EMIT_LOC_STRINGS = NO;
				SWIFT_VERSION = 5.0;
				TARGETED_DEVICE_FAMILY = "1,2";
				TEST_HOST = "$(BUILT_PRODUCTS_DIR)/ebury test app.app/$(BUNDLE_EXECUTABLE_FOLDER_PATH)/ebury test app";
			};
			name = Debug;
		};
		17D47C8A2C1BA94300296F62 /* Release */ = {
			isa = XCBuildConfiguration;
			buildSettings = {
				ALWAYS_EMBED_SWIFT_STANDARD_LIBRARIES = YES;
				BUNDLE_LOADER = "$(TEST_HOST)";
				CODE_SIGN_STYLE = Automatic;
				CURRENT_PROJECT_VERSION = 1;
				DEVELOPMENT_TEAM = VRPSBVV63P;
				GENERATE_INFOPLIST_FILE = YES;
				IPHONEOS_DEPLOYMENT_TARGET = 17.4;
				MARKETING_VERSION = 1.0;
				PRODUCT_BUNDLE_IDENTIFIER = "joelsene.ebury-test-appTests";
				PRODUCT_NAME = "$(TARGET_NAME)";
				SWIFT_EMIT_LOC_STRINGS = NO;
				SWIFT_VERSION = 5.0;
				TARGETED_DEVICE_FAMILY = "1,2";
				TEST_HOST = "$(BUILT_PRODUCTS_DIR)/ebury test app.app/$(BUNDLE_EXECUTABLE_FOLDER_PATH)/ebury test app";
			};
			name = Release;
		};
		17D47C8C2C1BA94300296F62 /* Debug */ = {
			isa = XCBuildConfiguration;
			buildSettings = {
				ALWAYS_EMBED_SWIFT_STANDARD_LIBRARIES = YES;
				CODE_SIGN_STYLE = Automatic;
				CURRENT_PROJECT_VERSION = 1;
				DEVELOPMENT_TEAM = VRPSBVV63P;
				GENERATE_INFOPLIST_FILE = YES;
				MARKETING_VERSION = 1.0;
				PRODUCT_BUNDLE_IDENTIFIER = "joelsene.ebury-test-appUITests";
				PRODUCT_NAME = "$(TARGET_NAME)";
				SWIFT_EMIT_LOC_STRINGS = NO;
				SWIFT_VERSION = 5.0;
				TARGETED_DEVICE_FAMILY = "1,2";
				TEST_TARGET_NAME = "ebury test app";
			};
			name = Debug;
		};
		17D47C8D2C1BA94300296F62 /* Release */ = {
			isa = XCBuildConfiguration;
			buildSettings = {
				ALWAYS_EMBED_SWIFT_STANDARD_LIBRARIES = YES;
				CODE_SIGN_STYLE = Automatic;
				CURRENT_PROJECT_VERSION = 1;
				DEVELOPMENT_TEAM = VRPSBVV63P;
				GENERATE_INFOPLIST_FILE = YES;
				MARKETING_VERSION = 1.0;
				PRODUCT_BUNDLE_IDENTIFIER = "joelsene.ebury-test-appUITests";
				PRODUCT_NAME = "$(TARGET_NAME)";
				SWIFT_EMIT_LOC_STRINGS = NO;
				SWIFT_VERSION = 5.0;
				TARGETED_DEVICE_FAMILY = "1,2";
				TEST_TARGET_NAME = "ebury test app";
			};
			name = Release;
		};
/* End XCBuildConfiguration section */

/* Begin XCConfigurationList section */
		17D47C5A2C1BA94100296F62 /* Build configuration list for PBXProject "ebury test app" */ = {
			isa = XCConfigurationList;
			buildConfigurations = (
				17D47C832C1BA94300296F62 /* Debug */,
				17D47C842C1BA94300296F62 /* Release */,
			);
			defaultConfigurationIsVisible = 0;
			defaultConfigurationName = Release;
		};
		17D47C852C1BA94300296F62 /* Build configuration list for PBXNativeTarget "ebury test app" */ = {
			isa = XCConfigurationList;
			buildConfigurations = (
				17D47C862C1BA94300296F62 /* Debug */,
				17D47C872C1BA94300296F62 /* Release */,
			);
			defaultConfigurationIsVisible = 0;
			defaultConfigurationName = Release;
		};
		17D47C882C1BA94300296F62 /* Build configuration list for PBXNativeTarget "ebury test appTests" */ = {
			isa = XCConfigurationList;
			buildConfigurations = (
				17D47C892C1BA94300296F62 /* Debug */,
				17D47C8A2C1BA94300296F62 /* Release */,
			);
			defaultConfigurationIsVisible = 0;
			defaultConfigurationName = Release;
		};
		17D47C8B2C1BA94300296F62 /* Build configuration list for PBXNativeTarget "ebury test appUITests" */ = {
			isa = XCConfigurationList;
			buildConfigurations = (
				17D47C8C2C1BA94300296F62 /* Debug */,
				17D47C8D2C1BA94300296F62 /* Release */,
			);
			defaultConfigurationIsVisible = 0;
			defaultConfigurationName = Release;
		};
/* End XCConfigurationList section */
	};
	rootObject = 17D47C572C1BA94100296F62 /* Project object */;
}
